
Microsoft Visual Studio Solution File, Format Version 12.00
# Visual Studio 15
VisualStudioVersion = 15.0.28307.271
MinimumVisualStudioVersion = 10.0.40219.1
Project("{FAE04EC0-301F-11D3-BF4B-00C04F79EFBC}") = "WebApiSample", "WebApiSample\WebApiSample.csproj", "{883C83A6-7656-43D0-AF51-2DF22A308B9B}"
EndProject
Project("{FAE04EC0-301F-11D3-BF4B-00C04F79EFBC}") = "ApiGateway", "ApiGateway\ApiGateway.csproj", "{06933645-D93A-4EF5-9424-C30730245540}"
EndProject
Global
	GlobalSection(SolutionConfigurationPlatforms) = preSolution
		Debug|Any CPU = Debug|Any CPU
		Release|Any CPU = Release|Any CPU
	EndGlobalSection
	GlobalSection(ProjectConfigurationPlatforms) = postSolution
		{883C83A6-7656-43D0-AF51-2DF22A308B9B}.Debug|Any CPU.ActiveCfg = Debug|Any CPU
		{883C83A6-7656-43D0-AF51-2DF22A308B9B}.Debug|Any CPU.Build.0 = Debug|Any CPU
		{883C83A6-7656-43D0-AF51-2DF22A308B9B}.Release|Any CPU.ActiveCfg = Release|Any CPU
		{883C83A6-7656-43D0-AF51-2DF22A308B9B}.Release|Any CPU.Build.0 = Release|Any CPU
		{06933645-D93A-4EF5-9424-C30730245540}.Debug|Any CPU.ActiveCfg = Debug|Any CPU
		{06933645-D93A-4EF5-9424-C30730245540}.Debug|Any CPU.Build.0 = Debug|Any CPU
		{06933645-D93A-4EF5-9424-C30730245540}.Release|Any CPU.ActiveCfg = Release|Any CPU
		{06933645-D93A-4EF5-9424-C30730245540}.Release|Any CPU.Build.0 = Release|Any CPU
	EndGlobalSection
	GlobalSection(SolutionProperties) = preSolution
		HideSolutionNode = FALSE
	EndGlobalSection
	GlobalSection(ExtensibilityGlobals) = postSolution
		SolutionGuid = {5E1F2B7F-7E57-41CB-91D4-EF7F3CEEF4DD}
	EndGlobalSection
EndGlobal
